
Microsoft Visual Studio Solution File, Format Version 12.00
# Visual Studio Version 16
VisualStudioVersion = 16.0.31702.278
MinimumVisualStudioVersion = 10.0.40219.1
Project("{FAE04EC0-301F-11D3-BF4B-00C04F79EFBC}") = "buoi03", "buoi03\buoi03.csproj", "{BAD93FAF-CF35-4DC6-842F-975DCF4AC779}"
EndProject
Global
	GlobalSection(SolutionConfigurationPlatforms) = preSolution
		Debug|Any CPU = Debug|Any CPU
		Release|Any CPU = Release|Any CPU
	EndGlobalSection
	GlobalSection(ProjectConfigurationPlatforms) = postSolution
		{BAD93FAF-CF35-4DC6-842F-975DCF4AC779}.Debug|Any CPU.ActiveCfg = Debug|Any CPU
		{BAD93FAF-CF35-4DC6-842F-975DCF4AC779}.Debug|Any CPU.Build.0 = Debug|Any CPU
		{BAD93FAF-CF35-4DC6-842F-975DCF4AC779}.Release|Any CPU.ActiveCfg = Release|Any CPU
		{BAD93FAF-CF35-4DC6-842F-975DCF4AC779}.Release|Any CPU.Build.0 = Release|Any CPU
	EndGlobalSection
	GlobalSection(SolutionProperties) = preSolution
		HideSolutionNode = FALSE
	EndGlobalSection
	GlobalSection(ExtensibilityGlobals) = postSolution
		SolutionGuid = {BCE3E8AF-775D-486D-9C20-23040E5B887B}
	EndGlobalSection
EndGlobal
